
Microsoft Visual Studio Solution File, Format Version 12.00
# Visual Studio Version 17
VisualStudioVersion = 17.8.34511.84
MinimumVisualStudioVersion = 10.0.40219.1
Project("{FAE04EC0-301F-11D3-BF4B-00C04F79EFBC}") = "ATV6_CJ3021912", "ATV6_CJ3021912\ATV6_CJ3021912.csproj", "{FDF8A91A-E0E5-45A2-8D1F-DA5A654A00E5}"
EndProject
Global
	GlobalSection(SolutionConfigurationPlatforms) = preSolution
		Debug|Any CPU = Debug|Any CPU
		Release|Any CPU = Release|Any CPU
	EndGlobalSection
	GlobalSection(ProjectConfigurationPlatforms) = postSolution
		{FDF8A91A-E0E5-45A2-8D1F-DA5A654A00E5}.Debug|Any CPU.ActiveCfg = Debug|Any CPU
		{FDF8A91A-E0E5-45A2-8D1F-DA5A654A00E5}.Debug|Any CPU.Build.0 = Debug|Any CPU
		{FDF8A91A-E0E5-45A2-8D1F-DA5A654A00E5}.Release|Any CPU.ActiveCfg = Release|Any CPU
		{FDF8A91A-E0E5-45A2-8D1F-DA5A654A00E5}.Release|Any CPU.Build.0 = Release|Any CPU
	EndGlobalSection
	GlobalSection(SolutionProperties) = preSolution
		HideSolutionNode = FALSE
	EndGlobalSection
	GlobalSection(ExtensibilityGlobals) = postSolution
		SolutionGuid = {C4415F42-5538-4875-A685-0EC14014CB61}
	EndGlobalSection
EndGlobal
